
Microsoft Visual Studio Solution File, Format Version 12.00
# Visual Studio Version 17
VisualStudioVersion = 17.2.32630.192
MinimumVisualStudioVersion = 10.0.40219.1
Project("{F184B08F-C81C-45F6-A57F-5ABD9991F28F}") = "WinFormsApp1", "WinFormsApp1\WinFormsApp1.vbproj", "{4048EF3F-AF4A-444D-A3DC-A29B2409FA47}"
EndProject
Global
	GlobalSection(SolutionConfigurationPlatforms) = preSolution
		Debug|Any CPU = Debug|Any CPU
		Release|Any CPU = Release|Any CPU
	EndGlobalSection
	GlobalSection(ProjectConfigurationPlatforms) = postSolution
		{4048EF3F-AF4A-444D-A3DC-A29B2409FA47}.Debug|Any CPU.ActiveCfg = Debug|Any CPU
		{4048EF3F-AF4A-444D-A3DC-A29B2409FA47}.Debug|Any CPU.Build.0 = Debug|Any CPU
		{4048EF3F-AF4A-444D-A3DC-A29B2409FA47}.Release|Any CPU.ActiveCfg = Release|Any CPU
		{4048EF3F-AF4A-444D-A3DC-A29B2409FA47}.Release|Any CPU.Build.0 = Release|Any CPU
	EndGlobalSection
	GlobalSection(SolutionProperties) = preSolution
		HideSolutionNode = FALSE
	EndGlobalSection
	GlobalSection(ExtensibilityGlobals) = postSolution
		SolutionGuid = {4BD05271-EB0A-43D7-8577-F8DB25ED70B5}
	EndGlobalSection
EndGlobal
